{
  "name": "seproject-frontend",
  "version": "1.0.0",
  "lockfileVersion": 3,
  "requires": true,
  "packages": {
    "": {
      "name": "seproject-frontend",
      "version": "1.0.0",
      "license": "ISC",
      "dependencies": {
        "tdesign-miniprogram": "^0.32.0"
      },
      "devDependencies": {
        "miniprogram-automator": "^0.5.1"
      }
    },
    "node_modules/async-limiter": {
      "version": "1.0.1",
      "resolved": "https://registry.npmjs.org/async-limiter/-/async-limiter-1.0.1.tgz",
      "integrity": "sha512-csOlWGAcRFJaI6m+F2WKdnMKr4HhdhFVBk0H/QbJFMCr+uO2kwohwXQPxw/9OCxp05r5ghVBFSyioixx3gfkNQ==",
      "dev": true
    },
    "node_modules/dayjs": {
      "version": "1.11.7",
      "resolved": "https://registry.npmjs.org/dayjs/-/dayjs-1.11.7.tgz",
      "integrity": "sha512-+Yw9U6YO5TQohxLcIkrXBeY73WP3ejHWVvx8XCk3gxvQDCTEmS48ZrSZCKciI7Bhl/uCMyxYtE9UqRILmFphkQ=="
    },
    "node_modules/debug": {
      "version": "4.3.4",
      "resolved": "https://registry.npmjs.org/debug/-/debug-4.3.4.tgz",
      "integrity": "sha512-PRWFHuSU3eDtQJPvnNY7Jcket1j0t5OuOsFzPPzsekD52Zl8qUfFIPEiswXqIvHWGVHOgX+7G/vCNNhehwxfkQ==",
      "dev": true,
      "dependencies": {
        "ms": "2.1.2"
      },
      "engines": {
        "node": ">=6.0"
      },
      "peerDependenciesMeta": {
        "supports-color": {
          "optional": true
        }
      }
    },
    "node_modules/licia": {
      "version": "1.38.0",
      "resolved": "https://registry.npmjs.org/licia/-/licia-1.38.0.tgz",
      "integrity": "sha512-yEKEv7ltw6+QhEodF/BeJCWPkHktEbduyL8PWO8oKVmmIGUaymeTHrZzaFsls8xeLDn5GRGmm9rhXkb5XKuEqA==",
      "dev": true
    },
    "node_modules/miniprogram-automator": {
      "version": "0.5.1",
      "resolved": "https://registry.npmjs.org/miniprogram-automator/-/miniprogram-automator-0.5.1.tgz",
      "integrity": "sha512-vMLCpkqwBZs3bBSDJHvNTVYgW37ns7j5pgW0HUuCbBjYePK8meuWdt1jchaDLSBrHGNpsaAfeu2wP3x61KTAWw==",
      "dev": true,
      "dependencies": {
        "debug": "^4.1.1",
        "licia": "^1.4.4",
        "ws": "^6.1.3"
      }
    },
    "node_modules/ms": {
      "version": "2.1.2",
      "resolved": "https://registry.npmjs.org/ms/-/ms-2.1.2.tgz",
      "integrity": "sha512-sGkPx+VjMtmA6MX27oA4FBFELFCZZ4S4XqeGOXCv68tT+jb3vk/RyaKWP0PTKyWtmLSM0b+adUTEvbs1PEaH2w==",
      "dev": true
    },
    "node_modules/tdesign-miniprogram": {
      "version": "0.32.0",
      "resolved": "https://registry.npmjs.org/tdesign-miniprogram/-/tdesign-miniprogram-0.32.0.tgz",
      "integrity": "sha512-eHhMEvdfkDLAGnSCNDWy2V5HJgfbe/QBZQNqjtVzh2k7jxkUrNTv7h/Zv939nlntLEF7qLyRSp7Q5LHz27HQEg==",
      "dependencies": {
        "dayjs": "^1.10.7"
      }
    },
    "node_modules/ws": {
      "version": "6.2.2",
      "resolved": "https://registry.npmjs.org/ws/-/ws-6.2.2.tgz",
      "integrity": "sha512-zmhltoSR8u1cnDsD43TX59mzoMZsLKqUweyYBAIvTngR3shc0W6aOZylZmq/7hqyVxPdi+5Ud2QInblgyE72fw==",
      "dev": true,
      "dependencies": {
        "async-limiter": "~1.0.0"
      }
    }
  }
}
