{
  "name": "seproject-frontend",
  "version": "1.0.0",
  "lockfileVersion": 2,
  "requires": true,
  "packages": {
    "": {
      "name": "seproject-frontend",
      "version": "1.0.0",
      "license": "ISC",
      "dependencies": {
        "tdesign-miniprogram": "^0.32.0"
      }
    },
    "node_modules/dayjs": {
      "version": "1.11.7",
      "resolved": "https://registry.npmjs.org/dayjs/-/dayjs-1.11.7.tgz",
      "integrity": "sha512-+Yw9U6YO5TQohxLcIkrXBeY73WP3ejHWVvx8XCk3gxvQDCTEmS48ZrSZCKciI7Bhl/uCMyxYtE9UqRILmFphkQ=="
    },
    "node_modules/tdesign-miniprogram": {
      "version": "0.32.0",
      "resolved": "https://registry.npmjs.org/tdesign-miniprogram/-/tdesign-miniprogram-0.32.0.tgz",
      "integrity": "sha512-eHhMEvdfkDLAGnSCNDWy2V5HJgfbe/QBZQNqjtVzh2k7jxkUrNTv7h/Zv939nlntLEF7qLyRSp7Q5LHz27HQEg==",
      "dependencies": {
        "dayjs": "^1.10.7"
      }
    }
  },
  "dependencies": {
    "dayjs": {
      "version": "1.11.7",
      "resolved": "https://registry.npmjs.org/dayjs/-/dayjs-1.11.7.tgz",
      "integrity": "sha512-+Yw9U6YO5TQohxLcIkrXBeY73WP3ejHWVvx8XCk3gxvQDCTEmS48ZrSZCKciI7Bhl/uCMyxYtE9UqRILmFphkQ=="
    },
    "tdesign-miniprogram": {
      "version": "0.32.0",
      "resolved": "https://registry.npmjs.org/tdesign-miniprogram/-/tdesign-miniprogram-0.32.0.tgz",
      "integrity": "sha512-eHhMEvdfkDLAGnSCNDWy2V5HJgfbe/QBZQNqjtVzh2k7jxkUrNTv7h/Zv939nlntLEF7qLyRSp7Q5LHz27HQEg==",
      "requires": {
        "dayjs": "^1.10.7"
      }
    }
  }
}
